PODS:
  - Agrume (3.0.2)
  - Bolts (1.8.4):
    - Bolts/AppLinks (= 1.8.4)
    - Bolts/Tasks (= 1.8.4)
  - Bolts/AppLinks (1.8.4):
    - Bolts/Tasks
  - Bolts/Tasks (1.8.4)
  - BWWalkthrough (1.1.0)
  - ChameleonFramework/Default (2.1.0)
  - ChameleonFramework/Swift (2.1.0):
    - ChameleonFramework/Default
  - CVCalendar (1.4.0)
  - DZNEmptyDataSet (1.8.1)
  - FontAwesomeKit (2.2.0):
    - FontAwesomeKit/Core (= 2.2.0)
    - FontAwesomeKit/FontAwesome (= 2.2.0)
    - FontAwesomeKit/FoundationIcons (= 2.2.0)
    - FontAwesomeKit/IonIcons (= 2.2.0)
    - FontAwesomeKit/Zocial (= 2.2.0)
  - FontAwesomeKit/Core (2.2.0)
  - FontAwesomeKit/FontAwesome (2.2.0):
    - FontAwesomeKit/Core
  - FontAwesomeKit/FoundationIcons (2.2.0):
    - FontAwesomeKit/Core
  - FontAwesomeKit/IonIcons (2.2.0):
    - FontAwesomeKit/Core
  - FontAwesomeKit/Zocial (2.2.0):
    - FontAwesomeKit/Core
  - Former (1.5.0)
  - JSQMessagesViewController (7.3.4):
    - JSQSystemSoundPlayer (~> 2.0.1)
  - JSQSystemSoundPlayer (2.0.1)
  - JSQWebViewController (5.0.0)
  - Parse (1.14.2):
    - Bolts/Tasks (~> 1.8)
  - ParseUI (1.2.0):
    - Bolts/Tasks (~> 1.3)
    - Parse (~> 1.9)
  - SlackTextViewController (1.9.5)
  - SVProgressHUD (2.0.3)
  - TextFieldEffects (1.3.0)
  - XLPagerTabStrip (6.0.0)

DEPENDENCIES:
  - Agrume
  - Bolts
  - BWWalkthrough
  - ChameleonFramework/Swift
  - CVCalendar
  - DZNEmptyDataSet
  - FontAwesomeKit
  - Former
  - JSQMessagesViewController
  - JSQWebViewController
  - Parse
  - ParseUI
  - SlackTextViewController
  - SVProgressHUD
  - TextFieldEffects
  - XLPagerTabStrip

SPEC CHECKSUMS:
  Agrume: 5698c55f02bb9bd60b6a32fea6ac0e8057ccb927
  Bolts: 8a7995239dbe724f9cba2248b766d48b7ebdd322
  BWWalkthrough: 0c27ad2773a25c8f4fb9004bc7d6685deb35fecc
  ChameleonFramework: d21a3cc247abfe5e37609a283a8238b03575cf64
  CVCalendar: ec1a06a508f99d8e5067258754f811a8a1433a3f
  DZNEmptyDataSet: 9525833b9e68ac21c30253e1d3d7076cc828eaa7
  FontAwesomeKit: 025fd4dd1017fe4e3f8d47b03e024deedbb33cd4
  Former: 8f9f41e51eceb75e47b4275147795ec477b121ec
  JSQMessagesViewController: 39fed975e3c9f8eba7292071e29eeb541d105e66
  JSQSystemSoundPlayer: c5850e77a4363ffd374cd851154b9af93264ed8d
  JSQWebViewController: 0461aa42612b221571556df61d9c09f080cb2eef
  Parse: 4335d65f40cb3d43190d723144bbe1afb9c38230
  ParseUI: af2eba584799da4a9fbdac0e178662d7438b502e
  SlackTextViewController: fbcdadbb8090673f604484ff5b6eb8d77baed42a
  SVProgressHUD: b0830714205bea1317ea1a2ebc71e5633af334d4
  TextFieldEffects: ef594746f17997c813e07633f8ae5acaf9b04f27
  XLPagerTabStrip: c46e802a8dcac29edbcea573de8fe920e052455b

PODFILE CHECKSUM: ca1518c38e05d8b0f03963e5bd0d78a2f8806a51

COCOAPODS: 1.0.1
