PODS:
  - Agrume (3.1.1)
  - ALTextInputBar (1.1.3)
  - Bolts (1.8.4):
    - Bolts/AppLinks (= 1.8.4)
    - Bolts/Tasks (= 1.8.4)
  - Bolts/AppLinks (1.8.4):
    - Bolts/Tasks
  - Bolts/Tasks (1.8.4)
  - BRYXBanner (0.7.1)
  - CVCalendar (1.4.1)
  - DZNEmptyDataSet (1.8.1)
  - FBSDKCoreKit (4.19.0):
    - Bolts (~> 1.7)
  - FBSDKLoginKit (4.19.0):
    - FBSDKCoreKit
  - Former (1.5.1)
  - M13PDFKit (1.1.0):
    - TTOpenInAppActivity
  - NTUIKit (0.0.2)
  - Parse (1.14.2):
    - Bolts/Tasks (~> 1.8)
  - ParseFacebookUtilsV4 (1.11.1):
    - Bolts/Tasks (>= 1.6)
    - FBSDKCoreKit (~> 4.10)
    - FBSDKLoginKit (~> 4.10)
    - FBSDKTVOSKit (~> 4.10)
    - Parse (~> 1.12)
  - ParseUI (1.2.0):
    - Bolts/Tasks (~> 1.3)
    - Parse (~> 1.9)
  - SlackTextViewController (1.9.5)
  - TTOpenInAppActivity (1.0)

DEPENDENCIES:
  - Agrume
  - ALTextInputBar
  - Bolts
  - BRYXBanner
  - CVCalendar
  - DZNEmptyDataSet
  - Former
  - M13PDFKit
  - NTUIKit (from `~/Documents/NTUIKit`)
  - Parse
  - ParseFacebookUtilsV4
  - ParseUI
  - SlackTextViewController

EXTERNAL SOURCES:
  NTUIKit:
    :path: ~/Documents/NTUIKit

SPEC CHECKSUMS:
  Agrume: 4cc64aa93728b7bf3cf17c1e60fedf3461cab58b
  ALTextInputBar: f46ccbddb4c548ee7fd96a2015ffe433f4de551a
  Bolts: 8a7995239dbe724f9cba2248b766d48b7ebdd322
  BRYXBanner: 34eabf9c6c009f187948ca78a4f3bba3767d0f04
  CVCalendar: 61912eb5dc39c3bcfe22a731147a559a696fbc15
  DZNEmptyDataSet: 9525833b9e68ac21c30253e1d3d7076cc828eaa7
  FBSDKCoreKit: 894b2b6eda6a4c8c4204e92e59cc355709ef045c
  FBSDKLoginKit: 83ca4d8f12a2022570af9fd6aacf27f6b425b99f
  Former: 0b48a812c0d93b092b908d1b0574d0fd95c6b6f9
  M13PDFKit: 4417c8a98dd22c0fe1e615f40bdf38848bb3b367
  NTUIKit: c8bbce3cdf43da099d927d5f971d5cdfe2d67231
  Parse: 4335d65f40cb3d43190d723144bbe1afb9c38230
  ParseFacebookUtilsV4: 2f30c2b7021c8005d3042781da7ef87d06589421
  ParseUI: af2eba584799da4a9fbdac0e178662d7438b502e
  SlackTextViewController: fbcdadbb8090673f604484ff5b6eb8d77baed42a
  TTOpenInAppActivity: c2218fe419d03ddd4ffb1f07d52d66e0d213d0d4

PODFILE CHECKSUM: 7f51e3c05a582e432ca837610869364a942c8e45

COCOAPODS: 1.1.1
