// !$*UTF8*$!
{
	archiveVersion = 1;
	classes = {
	};
	objectVersion = 46;
	objects = {

/* Begin PBXBuildFile section */
		3800A35D1ED53BD10024F259 /* EngagementDatasource.swift in Sources */ = {isa = PBXBuildFile; fileRef = 3800A35C1ED53BD10024F259 /* EngagementDatasource.swift */; };
		3800A35F1ED53C5D0024F259 /* EngagementPreviewCell.swift in Sources */ = {isa = PBXBuildFile; fileRef = 3800A35E1ED53C5D0024F259 /* EngagementPreviewCell.swift */; };
		3800A3631ED55FA80024F259 /* GroupHeaderCell.swift in Sources */ = {isa = PBXBuildFile; fileRef = 3800A3621ED55FA80024F259 /* GroupHeaderCell.swift */; };
		3800A3651ED561E80024F259 /* GroupDatasource.swift in Sources */ = {isa = PBXBuildFile; fileRef = 3800A3641ED561E80024F259 /* GroupDatasource.swift */; };
		380EEA0A1ED944690018FC37 /* UserSelectionViewController.swift in Sources */ = {isa = PBXBuildFile; fileRef = 380EEA091ED944690018FC37 /* UserSelectionViewController.swift */; };
		380EEA0C1ED944900018FC37 /* UserListViewController.swift in Sources */ = {isa = PBXBuildFile; fileRef = 380EEA0B1ED944900018FC37 /* UserListViewController.swift */; };
		38351D3C1EF723760046BB2E /* Channel.swift in Sources */ = {isa = PBXBuildFile; fileRef = 38351D3B1EF723760046BB2E /* Channel.swift */; };
		38351D401EF7237D0046BB2E /* MessagesViewController.swift in Sources */ = {isa = PBXBuildFile; fileRef = 38351D3E1EF7237D0046BB2E /* MessagesViewController.swift */; };
		38351D421EF723A00046BB2E /* ChatViewController.swift in Sources */ = {isa = PBXBuildFile; fileRef = 38351D411EF723A00046BB2E /* ChatViewController.swift */; };
		38351D451EF728A70046BB2E /* CalendarViewController.swift in Sources */ = {isa = PBXBuildFile; fileRef = 38351D441EF728A70046BB2E /* CalendarViewController.swift */; };
		389AF40D1EC4589C0089E9C1 /* AppDelegate.swift in Sources */ = {isa = PBXBuildFile; fileRef = 389AF40C1EC4589C0089E9C1 /* AppDelegate.swift */; };
		389AF4301EC45A2C0089E9C1 /* LaunchScreen.storyboard in Resources */ = {isa = PBXBuildFile; fileRef = 389AF42E1EC45A2C0089E9C1 /* LaunchScreen.storyboard */; };
		389AF43A1EC45A6C0089E9C1 /* Assets.xcassets in Resources */ = {isa = PBXBuildFile; fileRef = 389AF4321EC45A6C0089E9C1 /* Assets.xcassets */; };
		389AF4431EC5B3260089E9C1 /* LoginViewController.swift in Sources */ = {isa = PBXBuildFile; fileRef = 389AF4421EC5B3260089E9C1 /* LoginViewController.swift */; };
		38ECA8DB1EEA3D3800639A19 /* EditGroupViewController.swift in Sources */ = {isa = PBXBuildFile; fileRef = 38ECA8DA1EEA3D3800639A19 /* EditGroupViewController.swift */; };
		38ECA8DD1EEA404000639A19 /* GroupSearchViewController.swift in Sources */ = {isa = PBXBuildFile; fileRef = 38ECA8DC1EEA404000639A19 /* GroupSearchViewController.swift */; };
		38FCFA161ECED494007D3019 /* Secrets.swift in Sources */ = {isa = PBXBuildFile; fileRef = 38FCFA151ECED494007D3019 /* Secrets.swift */; };
		38FCFA181ECED7C2007D3019 /* Constants.swift in Sources */ = {isa = PBXBuildFile; fileRef = 38FCFA171ECED7C2007D3019 /* Constants.swift */; };
		38FCFA1A1ECED7DF007D3019 /* User.swift in Sources */ = {isa = PBXBuildFile; fileRef = 38FCFA191ECED7DF007D3019 /* User.swift */; };
		38FCFA2E1ECEDA63007D3019 /* Service.swift in Sources */ = {isa = PBXBuildFile; fileRef = 38FCFA2D1ECEDA63007D3019 /* Service.swift */; };
		38FCFA371ECFE8E5007D3019 /* EULA.html in Resources */ = {isa = PBXBuildFile; fileRef = 38FCFA361ECFE8E5007D3019 /* EULA.html */; };
		38FCFA3E1ED00E5D007D3019 /* SideBarMenuViewController.swift in Sources */ = {isa = PBXBuildFile; fileRef = 38FCFA3D1ED00E5D007D3019 /* SideBarMenuViewController.swift */; };
		38FCFA401ED00E93007D3019 /* FeedViewController.swift in Sources */ = {isa = PBXBuildFile; fileRef = 38FCFA3F1ED00E93007D3019 /* FeedViewController.swift */; };
		38FCFA421ED00EA0007D3019 /* UserViewController.swift in Sources */ = {isa = PBXBuildFile; fileRef = 38FCFA411ED00EA0007D3019 /* UserViewController.swift */; };
		38FCFA441ED00ED3007D3019 /* GroupViewController.swift in Sources */ = {isa = PBXBuildFile; fileRef = 38FCFA431ED00ED3007D3019 /* GroupViewController.swift */; };
		38FCFA481ED00F4F007D3019 /* GettingStartedViewController.swift in Sources */ = {isa = PBXBuildFile; fileRef = 38FCFA471ED00F4F007D3019 /* GettingStartedViewController.swift */; };
		38FCFA521ED0C6B9007D3019 /* Group.swift in Sources */ = {isa = PBXBuildFile; fileRef = 38FCFA511ED0C6B9007D3019 /* Group.swift */; };
		38FCFA541ED0C6BD007D3019 /* Engagement.swift in Sources */ = {isa = PBXBuildFile; fileRef = 38FCFA531ED0C6BD007D3019 /* Engagement.swift */; };
		38FCFA841ED3E883007D3019 /* UserDatasource.swift in Sources */ = {isa = PBXBuildFile; fileRef = 38FCFA831ED3E883007D3019 /* UserDatasource.swift */; };
		38FCFA881ED3E982007D3019 /* UserHeaderCell.swift in Sources */ = {isa = PBXBuildFile; fileRef = 38FCFA871ED3E982007D3019 /* UserHeaderCell.swift */; };
		38FCFA8A1ED3F0FA007D3019 /* EditUserViewController.swift in Sources */ = {isa = PBXBuildFile; fileRef = 38FCFA891ED3F0FA007D3019 /* EditUserViewController.swift */; };
		92ACA59C6BB90C1665E9BBEC /* Pods_Engage.framework in Frameworks */ = {isa = PBXBuildFile; fileRef = D533F048D873034BCEA956BD /* Pods_Engage.framework */; };
/* End PBXBuildFile section */

/* Begin PBXFileReference section */
		040A49D230CD476E376F58AC /* Pods_EngageTests.framework */ = {isa = PBXFileReference; explicitFileType = wrapper.framework; includeInIndex = 0; path = Pods_EngageTests.framework; sourceTree = BUILT_PRODUCTS_DIR; };
		1AE8B33FE3A4EE61C6D5B8A4 /* Pods-Engage.debug.xcconfig */ = {isa = PBXFileReference; includeInIndex = 1; lastKnownFileType = text.xcconfig; name = "Pods-Engage.debug.xcconfig"; path = "Pods/Target Support Files/Pods-Engage/Pods-Engage.debug.xcconfig"; sourceTree = "<group>"; };
		295334EA8AA928D9060D74CB /* Pods-EngageTests.release.xcconfig */ = {isa = PBXFileReference; includeInIndex = 1; lastKnownFileType = text.xcconfig; name = "Pods-EngageTests.release.xcconfig"; path = "Pods/Target Support Files/Pods-EngageTests/Pods-EngageTests.release.xcconfig"; sourceTree = "<group>"; };
		30E4AACB51564030261A5C65 /* Pods-Engage.release.xcconfig */ = {isa = PBXFileReference; includeInIndex = 1; lastKnownFileType = text.xcconfig; name = "Pods-Engage.release.xcconfig"; path = "Pods/Target Support Files/Pods-Engage/Pods-Engage.release.xcconfig"; sourceTree = "<group>"; };
		3800A35C1ED53BD10024F259 /* EngagementDatasource.swift */ = {isa = PBXFileReference; fileEncoding = 4; lastKnownFileType = sourcecode.swift; name = EngagementDatasource.swift; path = Datasources/EngagementDatasource.swift; sourceTree = "<group>"; };
		3800A35E1ED53C5D0024F259 /* EngagementPreviewCell.swift */ = {isa = PBXFileReference; fileEncoding = 4; lastKnownFileType = sourcecode.swift; name = EngagementPreviewCell.swift; path = Cells/EngagementPreviewCell.swift; sourceTree = "<group>"; };
		3800A3621ED55FA80024F259 /* GroupHeaderCell.swift */ = {isa = PBXFileReference; fileEncoding = 4; lastKnownFileType = sourcecode.swift; name = GroupHeaderCell.swift; path = Cells/GroupHeaderCell.swift; sourceTree = "<group>"; };
		3800A3641ED561E80024F259 /* GroupDatasource.swift */ = {isa = PBXFileReference; fileEncoding = 4; lastKnownFileType = sourcecode.swift; name = GroupDatasource.swift; path = Datasources/GroupDatasource.swift; sourceTree = "<group>"; };
		380EEA091ED944690018FC37 /* UserSelectionViewController.swift */ = {isa = PBXFileReference; fileEncoding = 4; lastKnownFileType = sourcecode.swift; path = UserSelectionViewController.swift; sourceTree = "<group>"; };
		380EEA0B1ED944900018FC37 /* UserListViewController.swift */ = {isa = PBXFileReference; fileEncoding = 4; lastKnownFileType = sourcecode.swift; path = UserListViewController.swift; sourceTree = "<group>"; };
		38351D3B1EF723760046BB2E /* Channel.swift */ = {isa = PBXFileReference; fileEncoding = 4; lastKnownFileType = sourcecode.swift; path = Channel.swift; sourceTree = "<group>"; };
		38351D3E1EF7237D0046BB2E /* MessagesViewController.swift */ = {isa = PBXFileReference; fileEncoding = 4; lastKnownFileType = sourcecode.swift; path = MessagesViewController.swift; sourceTree = "<group>"; };
		38351D411EF723A00046BB2E /* ChatViewController.swift */ = {isa = PBXFileReference; fileEncoding = 4; lastKnownFileType = sourcecode.swift; path = ChatViewController.swift; sourceTree = "<group>"; };
		38351D441EF728A70046BB2E /* CalendarViewController.swift */ = {isa = PBXFileReference; fileEncoding = 4; lastKnownFileType = sourcecode.swift; path = CalendarViewController.swift; sourceTree = "<group>"; };
		389AF4091EC4589C0089E9C1 /* Engage.app */ = {isa = PBXFileReference; explicitFileType = wrapper.application; includeInIndex = 0; path = Engage.app; sourceTree = BUILT_PRODUCTS_DIR; };
		389AF40C1EC4589C0089E9C1 /* AppDelegate.swift */ = {isa = PBXFileReference; lastKnownFileType = sourcecode.swift; path = AppDelegate.swift; sourceTree = "<group>"; };
		389AF42F1EC45A2C0089E9C1 /* Base */ = {isa = PBXFileReference; lastKnownFileType = file.storyboard; name = Base; path = Base.lproj/LaunchScreen.storyboard; sourceTree = "<group>"; };
		389AF4321EC45A6C0089E9C1 /* Assets.xcassets */ = {isa = PBXFileReference; lastKnownFileType = folder.assetcatalog; path = Assets.xcassets; sourceTree = "<group>"; };
		389AF4381EC45A6C0089E9C1 /* Info.plist */ = {isa = PBXFileReference; fileEncoding = 4; lastKnownFileType = text.plist.xml; path = Info.plist; sourceTree = "<group>"; };
		389AF4421EC5B3260089E9C1 /* LoginViewController.swift */ = {isa = PBXFileReference; fileEncoding = 4; lastKnownFileType = sourcecode.swift; path = LoginViewController.swift; sourceTree = "<group>"; };
		38ECA8DA1EEA3D3800639A19 /* EditGroupViewController.swift */ = {isa = PBXFileReference; fileEncoding = 4; lastKnownFileType = sourcecode.swift; path = EditGroupViewController.swift; sourceTree = "<group>"; };
		38ECA8DC1EEA404000639A19 /* GroupSearchViewController.swift */ = {isa = PBXFileReference; fileEncoding = 4; lastKnownFileType = sourcecode.swift; path = GroupSearchViewController.swift; sourceTree = "<group>"; };
		38FCFA151ECED494007D3019 /* Secrets.swift */ = {isa = PBXFileReference; fileEncoding = 4; lastKnownFileType = sourcecode.swift; path = Secrets.swift; sourceTree = "<group>"; };
		38FCFA171ECED7C2007D3019 /* Constants.swift */ = {isa = PBXFileReference; fileEncoding = 4; lastKnownFileType = sourcecode.swift; path = Constants.swift; sourceTree = "<group>"; };
		38FCFA191ECED7DF007D3019 /* User.swift */ = {isa = PBXFileReference; fileEncoding = 4; lastKnownFileType = sourcecode.swift; path = User.swift; sourceTree = "<group>"; };
		38FCFA2D1ECEDA63007D3019 /* Service.swift */ = {isa = PBXFileReference; fileEncoding = 4; lastKnownFileType = sourcecode.swift; path = Service.swift; sourceTree = "<group>"; };
		38FCFA361ECFE8E5007D3019 /* EULA.html */ = {isa = PBXFileReference; fileEncoding = 4; lastKnownFileType = text.html; path = EULA.html; sourceTree = "<group>"; };
		38FCFA3D1ED00E5D007D3019 /* SideBarMenuViewController.swift */ = {isa = PBXFileReference; fileEncoding = 4; lastKnownFileType = sourcecode.swift; path = SideBarMenuViewController.swift; sourceTree = "<group>"; };
		38FCFA3F1ED00E93007D3019 /* FeedViewController.swift */ = {isa = PBXFileReference; fileEncoding = 4; lastKnownFileType = sourcecode.swift; path = FeedViewController.swift; sourceTree = "<group>"; };
		38FCFA411ED00EA0007D3019 /* UserViewController.swift */ = {isa = PBXFileReference; fileEncoding = 4; lastKnownFileType = sourcecode.swift; path = UserViewController.swift; sourceTree = "<group>"; };
		38FCFA431ED00ED3007D3019 /* GroupViewController.swift */ = {isa = PBXFileReference; fileEncoding = 4; lastKnownFileType = sourcecode.swift; path = GroupViewController.swift; sourceTree = "<group>"; };
		38FCFA471ED00F4F007D3019 /* GettingStartedViewController.swift */ = {isa = PBXFileReference; fileEncoding = 4; lastKnownFileType = sourcecode.swift; path = GettingStartedViewController.swift; sourceTree = "<group>"; };
		38FCFA511ED0C6B9007D3019 /* Group.swift */ = {isa = PBXFileReference; fileEncoding = 4; lastKnownFileType = sourcecode.swift; path = Group.swift; sourceTree = "<group>"; };
		38FCFA531ED0C6BD007D3019 /* Engagement.swift */ = {isa = PBXFileReference; fileEncoding = 4; lastKnownFileType = sourcecode.swift; path = Engagement.swift; sourceTree = "<group>"; };
		38FCFA831ED3E883007D3019 /* UserDatasource.swift */ = {isa = PBXFileReference; fileEncoding = 4; lastKnownFileType = sourcecode.swift; name = UserDatasource.swift; path = Datasources/UserDatasource.swift; sourceTree = "<group>"; };
		38FCFA871ED3E982007D3019 /* UserHeaderCell.swift */ = {isa = PBXFileReference; fileEncoding = 4; lastKnownFileType = sourcecode.swift; name = UserHeaderCell.swift; path = Cells/UserHeaderCell.swift; sourceTree = "<group>"; };
		38FCFA891ED3F0FA007D3019 /* EditUserViewController.swift */ = {isa = PBXFileReference; fileEncoding = 4; lastKnownFileType = sourcecode.swift; path = EditUserViewController.swift; sourceTree = "<group>"; };
		9A03F5C067309D7A531B2526 /* Pods-EngageTests.debug.xcconfig */ = {isa = PBXFileReference; includeInIndex = 1; lastKnownFileType = text.xcconfig; name = "Pods-EngageTests.debug.xcconfig"; path = "Pods/Target Support Files/Pods-EngageTests/Pods-EngageTests.debug.xcconfig"; sourceTree = "<group>"; };
		D533F048D873034BCEA956BD /* Pods_Engage.framework */ = {isa = PBXFileReference; explicitFileType = wrapper.framework; includeInIndex = 0; path = Pods_Engage.framework; sourceTree = BUILT_PRODUCTS_DIR; };
/* End PBXFileReference section */

/* Begin PBXFrameworksBuildPhase section */
		389AF4061EC4589C0089E9C1 /* Frameworks */ = {
			isa = PBXFrameworksBuildPhase;
			buildActionMask = 2147483647;
			files = (
				92ACA59C6BB90C1665E9BBEC /* Pods_Engage.framework in Frameworks */,
			);
			runOnlyForDeploymentPostprocessing = 0;
		};
/* End PBXFrameworksBuildPhase section */

/* Begin PBXGroup section */
		38351D431EF723A20046BB2E /* Messages */ = {
			isa = PBXGroup;
			children = (
				38351D3E1EF7237D0046BB2E /* MessagesViewController.swift */,
				38351D411EF723A00046BB2E /* ChatViewController.swift */,
			);
			name = Messages;
			sourceTree = "<group>";
		};
		38351D461EF728AB0046BB2E /* Events */ = {
			isa = PBXGroup;
			children = (
				38351D441EF728A70046BB2E /* CalendarViewController.swift */,
			);
			name = Events;
			sourceTree = "<group>";
		};
		389AF4001EC4589C0089E9C1 = {
			isa = PBXGroup;
			children = (
				389AF40B1EC4589C0089E9C1 /* Engage */,
				389AF40A1EC4589C0089E9C1 /* Products */,
				F6A36EFC29A3CA70D1397A84 /* Pods */,
				505D5C5A5DA6FCBD6D537B71 /* Frameworks */,
			);
			sourceTree = "<group>";
		};
		389AF40A1EC4589C0089E9C1 /* Products */ = {
			isa = PBXGroup;
			children = (
				389AF4091EC4589C0089E9C1 /* Engage.app */,
			);
			name = Products;
			sourceTree = "<group>";
		};
		389AF40B1EC4589C0089E9C1 /* Engage */ = {
			isa = PBXGroup;
			children = (
				389AF40C1EC4589C0089E9C1 /* AppDelegate.swift */,
				389AF4391EC45A6C0089E9C1 /* Views */,
				389AF4361EC45A6C0089E9C1 /* Models */,
				38FCFA851ED3E88E007D3019 /* Datasources */,
				389AF4311EC45A6C0089E9C1 /* Assets */,
				389AF4371EC45A6C0089E9C1 /* Supporting Files */,
				389AF42E1EC45A2C0089E9C1 /* LaunchScreen.storyboard */,
			);
			path = Engage;
			sourceTree = "<group>";
		};
		389AF4311EC45A6C0089E9C1 /* Assets */ = {
			isa = PBXGroup;
			children = (
				389AF4321EC45A6C0089E9C1 /* Assets.xcassets */,
			);
			path = Assets;
			sourceTree = "<group>";
		};
		389AF4361EC45A6C0089E9C1 /* Models */ = {
			isa = PBXGroup;
			children = (
				38FCFA191ECED7DF007D3019 /* User.swift */,
				38FCFA511ED0C6B9007D3019 /* Group.swift */,
				38FCFA531ED0C6BD007D3019 /* Engagement.swift */,
				38351D3B1EF723760046BB2E /* Channel.swift */,
			);
			path = Models;
			sourceTree = "<group>";
		};
		389AF4371EC45A6C0089E9C1 /* Supporting Files */ = {
			isa = PBXGroup;
			children = (
				389AF4381EC45A6C0089E9C1 /* Info.plist */,
				38FCFA361ECFE8E5007D3019 /* EULA.html */,
				38FCFA151ECED494007D3019 /* Secrets.swift */,
				38FCFA171ECED7C2007D3019 /* Constants.swift */,
				38FCFA2D1ECEDA63007D3019 /* Service.swift */,
			);
			path = "Supporting Files";
			sourceTree = "<group>";
		};
		389AF4391EC45A6C0089E9C1 /* Views */ = {
			isa = PBXGroup;
			children = (
				38FCFA551ED0C88B007D3019 /* Login/Welcome */,
				38FCFA3F1ED00E93007D3019 /* FeedViewController.swift */,
				38351D461EF728AB0046BB2E /* Events */,
				38351D431EF723A20046BB2E /* Messages */,
				38FCFA8B1ED3F0FE007D3019 /* User */,
				38FCFA561ED0C899007D3019 /* Group */,
				38FCFA571ED0C8A0007D3019 /* Menu */,
				38FCFA861ED3E95D007D3019 /* Cells */,
			);
			path = Views;
			sourceTree = "<group>";
		};
		38FCFA551ED0C88B007D3019 /* Login/Welcome */ = {
			isa = PBXGroup;
			children = (
				389AF4421EC5B3260089E9C1 /* LoginViewController.swift */,
				38FCFA471ED00F4F007D3019 /* GettingStartedViewController.swift */,
			);
			name = Login/Welcome;
			sourceTree = "<group>";
		};
		38FCFA561ED0C899007D3019 /* Group */ = {
			isa = PBXGroup;
			children = (
				38FCFA431ED00ED3007D3019 /* GroupViewController.swift */,
				38ECA8DA1EEA3D3800639A19 /* EditGroupViewController.swift */,
				38ECA8DC1EEA404000639A19 /* GroupSearchViewController.swift */,
			);
			name = Group;
			sourceTree = "<group>";
		};
		38FCFA571ED0C8A0007D3019 /* Menu */ = {
			isa = PBXGroup;
			children = (
				38FCFA3D1ED00E5D007D3019 /* SideBarMenuViewController.swift */,
			);
			name = Menu;
			sourceTree = "<group>";
		};
		38FCFA851ED3E88E007D3019 /* Datasources */ = {
			isa = PBXGroup;
			children = (
				38FCFA831ED3E883007D3019 /* UserDatasource.swift */,
				3800A35C1ED53BD10024F259 /* EngagementDatasource.swift */,
				3800A3641ED561E80024F259 /* GroupDatasource.swift */,
			);
			name = Datasources;
			sourceTree = "<group>";
		};
		38FCFA861ED3E95D007D3019 /* Cells */ = {
			isa = PBXGroup;
			children = (
				38FCFA871ED3E982007D3019 /* UserHeaderCell.swift */,
				3800A3621ED55FA80024F259 /* GroupHeaderCell.swift */,
				3800A35E1ED53C5D0024F259 /* EngagementPreviewCell.swift */,
			);
			name = Cells;
			sourceTree = "<group>";
		};
		38FCFA8B1ED3F0FE007D3019 /* User */ = {
			isa = PBXGroup;
			children = (
				380EEA091ED944690018FC37 /* UserSelectionViewController.swift */,
				380EEA0B1ED944900018FC37 /* UserListViewController.swift */,
				38FCFA411ED00EA0007D3019 /* UserViewController.swift */,
				38FCFA891ED3F0FA007D3019 /* EditUserViewController.swift */,
			);
			name = User;
			sourceTree = "<group>";
		};
		505D5C5A5DA6FCBD6D537B71 /* Frameworks */ = {
			isa = PBXGroup;
			children = (
				D533F048D873034BCEA956BD /* Pods_Engage.framework */,
				040A49D230CD476E376F58AC /* Pods_EngageTests.framework */,
			);
			name = Frameworks;
			sourceTree = "<group>";
		};
		F6A36EFC29A3CA70D1397A84 /* Pods */ = {
			isa = PBXGroup;
			children = (
				1AE8B33FE3A4EE61C6D5B8A4 /* Pods-Engage.debug.xcconfig */,
				30E4AACB51564030261A5C65 /* Pods-Engage.release.xcconfig */,
				9A03F5C067309D7A531B2526 /* Pods-EngageTests.debug.xcconfig */,
				295334EA8AA928D9060D74CB /* Pods-EngageTests.release.xcconfig */,
			);
			name = Pods;
			sourceTree = "<group>";
		};
/* End PBXGroup section */

/* Begin PBXNativeTarget section */
		389AF4081EC4589C0089E9C1 /* Engage */ = {
			isa = PBXNativeTarget;
			buildConfigurationList = 389AF4261EC4589C0089E9C1 /* Build configuration list for PBXNativeTarget "Engage" */;
			buildPhases = (
				9635956D1ACCEBD0155A16F3 /* [CP] Check Pods Manifest.lock */,
				389AF4051EC4589C0089E9C1 /* Sources */,
				389AF4061EC4589C0089E9C1 /* Frameworks */,
				389AF4071EC4589C0089E9C1 /* Resources */,
				C58AC777330CC903EE7825E8 /* [CP] Embed Pods Frameworks */,
				F3D081758BBBFB934D50B0E9 /* [CP] Copy Pods Resources */,
			);
			buildRules = (
			);
			dependencies = (
			);
			name = Engage;
			productName = Engage;
			productReference = 389AF4091EC4589C0089E9C1 /* Engage.app */;
			productType = "com.apple.product-type.application";
		};
/* End PBXNativeTarget section */

/* Begin PBXProject section */
		389AF4011EC4589C0089E9C1 /* Project object */ = {
			isa = PBXProject;
			attributes = {
				LastSwiftUpdateCheck = 0830;
				LastUpgradeCheck = 0830;
				ORGANIZATIONNAME = "Nathan Tannar";
				TargetAttributes = {
					389AF4081EC4589C0089E9C1 = {
						CreatedOnToolsVersion = 8.3.2;
						DevelopmentTeam = 9EUCWD26TP;
						ProvisioningStyle = Automatic;
					};
				};
			};
			buildConfigurationList = 389AF4041EC4589C0089E9C1 /* Build configuration list for PBXProject "Engage" */;
			compatibilityVersion = "Xcode 3.2";
			developmentRegion = English;
			hasScannedForEncodings = 0;
			knownRegions = (
				en,
				Base,
			);
			mainGroup = 389AF4001EC4589C0089E9C1;
			productRefGroup = 389AF40A1EC4589C0089E9C1 /* Products */;
			projectDirPath = "";
			projectRoot = "";
			targets = (
				389AF4081EC4589C0089E9C1 /* Engage */,
			);
		};
/* End PBXProject section */

/* Begin PBXResourcesBuildPhase section */
		389AF4071EC4589C0089E9C1 /* Resources */ = {
			isa = PBXResourcesBuildPhase;
			buildActionMask = 2147483647;
			files = (
				389AF43A1EC45A6C0089E9C1 /* Assets.xcassets in Resources */,
				38FCFA371ECFE8E5007D3019 /* EULA.html in Resources */,
				389AF4301EC45A2C0089E9C1 /* LaunchScreen.storyboard in Resources */,
			);
			runOnlyForDeploymentPostprocessing = 0;
		};
/* End PBXResourcesBuildPhase section */

/* Begin PBXShellScriptBuildPhase section */
		9635956D1ACCEBD0155A16F3 /* [CP] Check Pods Manifest.lock */ = {
			isa = PBXShellScriptBuildPhase;
			buildActionMask = 2147483647;
			files = (
			);
			inputPaths = (
			);
			name = "[CP] Check Pods Manifest.lock";
			outputPaths = (
			);
			runOnlyForDeploymentPostprocessing = 0;
			shellPath = /bin/sh;
			shellScript = "diff \"${PODS_PODFILE_DIR_PATH}/Podfile.lock\" \"${PODS_ROOT}/Manifest.lock\" > /dev/null\nif [ $? != 0 ] ; then\n    # print error to STDERR\n    echo \"error: The sandbox is not in sync with the Podfile.lock. Run 'pod install' or update your CocoaPods installation.\" >&2\n    exit 1\nfi\n";
			showEnvVarsInLog = 0;
		};
		C58AC777330CC903EE7825E8 /* [CP] Embed Pods Frameworks */ = {
			isa = PBXShellScriptBuildPhase;
			buildActionMask = 2147483647;
			files = (
			);
			inputPaths = (
			);
			name = "[CP] Embed Pods Frameworks";
			outputPaths = (
			);
			runOnlyForDeploymentPostprocessing = 0;
			shellPath = /bin/sh;
			shellScript = "\"${SRCROOT}/Pods/Target Support Files/Pods-Engage/Pods-Engage-frameworks.sh\"\n";
			showEnvVarsInLog = 0;
		};
		F3D081758BBBFB934D50B0E9 /* [CP] Copy Pods Resources */ = {
			isa = PBXShellScriptBuildPhase;
			buildActionMask = 2147483647;
			files = (
			);
			inputPaths = (
			);
			name = "[CP] Copy Pods Resources";
			outputPaths = (
			);
			runOnlyForDeploymentPostprocessing = 0;
			shellPath = /bin/sh;
			shellScript = "\"${SRCROOT}/Pods/Target Support Files/Pods-Engage/Pods-Engage-resources.sh\"\n";
			showEnvVarsInLog = 0;
		};
/* End PBXShellScriptBuildPhase section */

/* Begin PBXSourcesBuildPhase section */
		389AF4051EC4589C0089E9C1 /* Sources */ = {
			isa = PBXSourcesBuildPhase;
			buildActionMask = 2147483647;
			files = (
				38FCFA181ECED7C2007D3019 /* Constants.swift in Sources */,
				38FCFA421ED00EA0007D3019 /* UserViewController.swift in Sources */,
				389AF4431EC5B3260089E9C1 /* LoginViewController.swift in Sources */,
				380EEA0A1ED944690018FC37 /* UserSelectionViewController.swift in Sources */,
				380EEA0C1ED944900018FC37 /* UserListViewController.swift in Sources */,
				38ECA8DD1EEA404000639A19 /* GroupSearchViewController.swift in Sources */,
				38FCFA541ED0C6BD007D3019 /* Engagement.swift in Sources */,
				3800A35D1ED53BD10024F259 /* EngagementDatasource.swift in Sources */,
				3800A3631ED55FA80024F259 /* GroupHeaderCell.swift in Sources */,
				38FCFA521ED0C6B9007D3019 /* Group.swift in Sources */,
				38FCFA881ED3E982007D3019 /* UserHeaderCell.swift in Sources */,
				38351D401EF7237D0046BB2E /* MessagesViewController.swift in Sources */,
				38351D451EF728A70046BB2E /* CalendarViewController.swift in Sources */,
				38FCFA1A1ECED7DF007D3019 /* User.swift in Sources */,
				38FCFA441ED00ED3007D3019 /* GroupViewController.swift in Sources */,
				38FCFA161ECED494007D3019 /* Secrets.swift in Sources */,
				38FCFA3E1ED00E5D007D3019 /* SideBarMenuViewController.swift in Sources */,
				3800A35F1ED53C5D0024F259 /* EngagementPreviewCell.swift in Sources */,
				38351D3C1EF723760046BB2E /* Channel.swift in Sources */,
				38ECA8DB1EEA3D3800639A19 /* EditGroupViewController.swift in Sources */,
				38FCFA841ED3E883007D3019 /* UserDatasource.swift in Sources */,
				3800A3651ED561E80024F259 /* GroupDatasource.swift in Sources */,
				38FCFA2E1ECEDA63007D3019 /* Service.swift in Sources */,
				38FCFA401ED00E93007D3019 /* FeedViewController.swift in Sources */,
				38FCFA481ED00F4F007D3019 /* GettingStartedViewController.swift in Sources */,
				38FCFA8A1ED3F0FA007D3019 /* EditUserViewController.swift in Sources */,
				38351D421EF723A00046BB2E /* ChatViewController.swift in Sources */,
				389AF40D1EC4589C0089E9C1 /* AppDelegate.swift in Sources */,
			);
			runOnlyForDeploymentPostprocessing = 0;
		};
/* End PBXSourcesBuildPhase section */

/* Begin PBXVariantGroup section */
		389AF42E1EC45A2C0089E9C1 /* LaunchScreen.storyboard */ = {
			isa = PBXVariantGroup;
			children = (
				389AF42F1EC45A2C0089E9C1 /* Base */,
			);
			name = LaunchScreen.storyboard;
			sourceTree = "<group>";
		};
/* End PBXVariantGroup section */

/* Begin XCBuildConfiguration section */
		389AF4241EC4589C0089E9C1 /* Debug */ = {
			isa = XCBuildConfiguration;
			buildSettings = {
				ALWAYS_SEARCH_USER_PATHS = NO;
				CLANG_ANALYZER_NONNULL = YES;
				CLANG_ANALYZER_NUMBER_OBJECT_CONVERSION = YES_AGGRESSIVE;
				CLANG_CXX_LANGUAGE_STANDARD = "gnu++0x";
				CLANG_CXX_LIBRARY = "libc++";
				CLANG_ENABLE_MODULES = YES;
				CLANG_ENABLE_OBJC_ARC = YES;
				CLANG_WARN_BOOL_CONVERSION = YES;
				CLANG_WARN_CONSTANT_CONVERSION = YES;
				CLANG_WARN_DIRECT_OBJC_ISA_USAGE = YES_ERROR;
				CLANG_WARN_DOCUMENTATION_COMMENTS = YES;
				CLANG_WARN_EMPTY_BODY = YES;
				CLANG_WARN_ENUM_CONVERSION = YES;
				CLANG_WARN_INFINITE_RECURSION = YES;
				CLANG_WARN_INT_CONVERSION = YES;
				CLANG_WARN_OBJC_ROOT_CLASS = YES_ERROR;
				CLANG_WARN_SUSPICIOUS_MOVE = YES;
				CLANG_WARN_UNREACHABLE_CODE = YES;
				CLANG_WARN__DUPLICATE_METHOD_MATCH = YES;
				"CODE_SIGN_IDENTITY[sdk=iphoneos*]" = "iPhone Developer";
				COPY_PHASE_STRIP = NO;
				DEBUG_INFORMATION_FORMAT = dwarf;
				ENABLE_STRICT_OBJC_MSGSEND = YES;
				ENABLE_TESTABILITY = YES;
				GCC_C_LANGUAGE_STANDARD = gnu99;
				GCC_DYNAMIC_NO_PIC = NO;
				GCC_NO_COMMON_BLOCKS = YES;
				GCC_OPTIMIZATION_LEVEL = 0;
				GCC_PREPROCESSOR_DEFINITIONS = (
					"DEBUG=1",
					"$(inherited)",
				);
				GCC_WARN_64_TO_32_BIT_CONVERSION = YES;
				GCC_WARN_ABOUT_RETURN_TYPE = YES_ERROR;
				GCC_WARN_UNDECLARED_SELECTOR = YES;
				GCC_WARN_UNINITIALIZED_AUTOS = YES_AGGRESSIVE;
				GCC_WARN_UNUSED_FUNCTION = YES;
				GCC_WARN_UNUSED_VARIABLE = YES;
				IPHONEOS_DEPLOYMENT_TARGET = 10.3;
				MTL_ENABLE_DEBUG_INFO = YES;
				ONLY_ACTIVE_ARCH = YES;
				SDKROOT = iphoneos;
				SWIFT_ACTIVE_COMPILATION_CONDITIONS = DEBUG;
				SWIFT_OPTIMIZATION_LEVEL = "-Onone";
				TARGETED_DEVICE_FAMILY = "1,2";
			};
			name = Debug;
		};
		389AF4251EC4589C0089E9C1 /* Release */ = {
			isa = XCBuildConfiguration;
			buildSettings = {
				ALWAYS_SEARCH_USER_PATHS = NO;
				CLANG_ANALYZER_NONNULL = YES;
				CLANG_ANALYZER_NUMBER_OBJECT_CONVERSION = YES_AGGRESSIVE;
				CLANG_CXX_LANGUAGE_STANDARD = "gnu++0x";
				CLANG_CXX_LIBRARY = "libc++";
				CLANG_ENABLE_MODULES = YES;
				CLANG_ENABLE_OBJC_ARC = YES;
				CLANG_WARN_BOOL_CONVERSION = YES;
				CLANG_WARN_CONSTANT_CONVERSION = YES;
				CLANG_WARN_DIRECT_OBJC_ISA_USAGE = YES_ERROR;
				CLANG_WARN_DOCUMENTATION_COMMENTS = YES;
				CLANG_WARN_EMPTY_BODY = YES;
				CLANG_WARN_ENUM_CONVERSION = YES;
				CLANG_WARN_INFINITE_RECURSION = YES;
				CLANG_WARN_INT_CONVERSION = YES;
				CLANG_WARN_OBJC_ROOT_CLASS = YES_ERROR;
				CLANG_WARN_SUSPICIOUS_MOVE = YES;
				CLANG_WARN_UNREACHABLE_CODE = YES;
				CLANG_WARN__DUPLICATE_METHOD_MATCH = YES;
				"CODE_SIGN_IDENTITY[sdk=iphoneos*]" = "iPhone Developer";
				COPY_PHASE_STRIP = NO;
				DEBUG_INFORMATION_FORMAT = "dwarf-with-dsym";
				ENABLE_NS_ASSERTIONS = NO;
				ENABLE_STRICT_OBJC_MSGSEND = YES;
				GCC_C_LANGUAGE_STANDARD = gnu99;
				GCC_NO_COMMON_BLOCKS = YES;
				GCC_WARN_64_TO_32_BIT_CONVERSION = YES;
				GCC_WARN_ABOUT_RETURN_TYPE = YES_ERROR;
				GCC_WARN_UNDECLARED_SELECTOR = YES;
				GCC_WARN_UNINITIALIZED_AUTOS = YES_AGGRESSIVE;
				GCC_WARN_UNUSED_FUNCTION = YES;
				GCC_WARN_UNUSED_VARIABLE = YES;
				IPHONEOS_DEPLOYMENT_TARGET = 10.3;
				MTL_ENABLE_DEBUG_INFO = NO;
				SDKROOT = iphoneos;
				SWIFT_OPTIMIZATION_LEVEL = "-Owholemodule";
				TARGETED_DEVICE_FAMILY = "1,2";
				VALIDATE_PRODUCT = YES;
			};
			name = Release;
		};
		389AF4271EC4589C0089E9C1 /* Debug */ = {
			isa = XCBuildConfiguration;
			baseConfigurationReference = 1AE8B33FE3A4EE61C6D5B8A4 /* Pods-Engage.debug.xcconfig */;
			buildSettings = {
				ASSETCATALOG_COMPILER_APPICON_NAME = AppIcon;
				DEVELOPMENT_TEAM = 9EUCWD26TP;
				INFOPLIST_FILE = "$(SRCROOT)/Engage/Supporting Files/Info.plist";
				IPHONEOS_DEPLOYMENT_TARGET = 10.0;
				LD_RUNPATH_SEARCH_PATHS = "$(inherited) @executable_path/Frameworks";
				PRODUCT_BUNDLE_IDENTIFIER = me.nathantannar.engage;
				PRODUCT_NAME = "$(TARGET_NAME)";
				SWIFT_VERSION = 3.0;
			};
			name = Debug;
		};
		389AF4281EC4589C0089E9C1 /* Release */ = {
			isa = XCBuildConfiguration;
			baseConfigurationReference = 30E4AACB51564030261A5C65 /* Pods-Engage.release.xcconfig */;
			buildSettings = {
				ASSETCATALOG_COMPILER_APPICON_NAME = AppIcon;
				DEVELOPMENT_TEAM = 9EUCWD26TP;
				INFOPLIST_FILE = "$(SRCROOT)/Engage/Supporting Files/Info.plist";
				IPHONEOS_DEPLOYMENT_TARGET = 10.0;
				LD_RUNPATH_SEARCH_PATHS = "$(inherited) @executable_path/Frameworks";
				PRODUCT_BUNDLE_IDENTIFIER = me.nathantannar.engage;
				PRODUCT_NAME = "$(TARGET_NAME)";
				SWIFT_VERSION = 3.0;
			};
			name = Release;
		};
/* End XCBuildConfiguration section */

/* Begin XCConfigurationList section */
		389AF4041EC4589C0089E9C1 /* Build configuration list for PBXProject "Engage" */ = {
			isa = XCConfigurationList;
			buildConfigurations = (
				389AF4241EC4589C0089E9C1 /* Debug */,
				389AF4251EC4589C0089E9C1 /* Release */,
			);
			defaultConfigurationIsVisible = 0;
			defaultConfigurationName = Release;
		};
		389AF4261EC4589C0089E9C1 /* Build configuration list for PBXNativeTarget "Engage" */ = {
			isa = XCConfigurationList;
			buildConfigurations = (
				389AF4271EC4589C0089E9C1 /* Debug */,
				389AF4281EC4589C0089E9C1 /* Release */,
			);
			defaultConfigurationIsVisible = 0;
			defaultConfigurationName = Release;
		};
/* End XCConfigurationList section */
	};
	rootObject = 389AF4011EC4589C0089E9C1 /* Project object */;
}
